
Microsoft Visual Studio Solution File, Format Version 12.00
# Visual Studio Version 17
VisualStudioVersion = 17.5.33414.496
MinimumVisualStudioVersion = 10.0.40219.1
Project("{FAE04EC0-301F-11D3-BF4B-00C04F79EFBC}") = "CurrencyService", "CurrencyService\CurrencyService.csproj", "{CDABD96A-4927-4F72-ACA5-1E19117814ED}"
EndProject
Global
	GlobalSection(SolutionConfigurationPlatforms) = preSolution
		Debug|Any CPU = Debug|Any CPU
		Release|Any CPU = Release|Any CPU
	EndGlobalSection
	GlobalSection(ProjectConfigurationPlatforms) = postSolution
		{CDABD96A-4927-4F72-ACA5-1E19117814ED}.Debug|Any CPU.ActiveCfg = Debug|Any CPU
		{CDABD96A-4927-4F72-ACA5-1E19117814ED}.Debug|Any CPU.Build.0 = Debug|Any CPU
		{CDABD96A-4927-4F72-ACA5-1E19117814ED}.Release|Any CPU.ActiveCfg = Release|Any CPU
		{CDABD96A-4927-4F72-ACA5-1E19117814ED}.Release|Any CPU.Build.0 = Release|Any CPU
	EndGlobalSection
	GlobalSection(SolutionProperties) = preSolution
		HideSolutionNode = FALSE
	EndGlobalSection
	GlobalSection(ExtensibilityGlobals) = postSolution
		SolutionGuid = {E190AB64-BE99-4B46-8BE2-C047FB550B8E}
	EndGlobalSection
EndGlobal
